
Microsoft Visual Studio Solution File, Format Version 12.00
# Visual Studio Version 17
VisualStudioVersion = 17.7.34009.444
MinimumVisualStudioVersion = 10.0.40219.1
Project("{FAE04EC0-301F-11D3-BF4B-00C04F79EFBC}") = "Web_API", "Web_API\Web_API.csproj", "{7F69532E-3D64-41C6-897E-26A0F500D54E}"
EndProject
Project("{FAE04EC0-301F-11D3-BF4B-00C04F79EFBC}") = "Consume_WebAPi_HTML", "Consume_WebAPi_HTML\Consume_WebAPi_HTML.csproj", "{8BCFCE51-60DE-434A-A6C9-D83CEF3121D6}"
EndProject
Global
	GlobalSection(SolutionConfigurationPlatforms) = preSolution
		Debug|Any CPU = Debug|Any CPU
		Release|Any CPU = Release|Any CPU
	EndGlobalSection
	GlobalSection(ProjectConfigurationPlatforms) = postSolution
		{7F69532E-3D64-41C6-897E-26A0F500D54E}.Debug|Any CPU.ActiveCfg = Debug|Any CPU
		{7F69532E-3D64-41C6-897E-26A0F500D54E}.Debug|Any CPU.Build.0 = Debug|Any CPU
		{7F69532E-3D64-41C6-897E-26A0F500D54E}.Release|Any CPU.ActiveCfg = Release|Any CPU
		{7F69532E-3D64-41C6-897E-26A0F500D54E}.Release|Any CPU.Build.0 = Release|Any CPU
		{8BCFCE51-60DE-434A-A6C9-D83CEF3121D6}.Debug|Any CPU.ActiveCfg = Debug|Any CPU
		{8BCFCE51-60DE-434A-A6C9-D83CEF3121D6}.Debug|Any CPU.Build.0 = Debug|Any CPU
		{8BCFCE51-60DE-434A-A6C9-D83CEF3121D6}.Release|Any CPU.ActiveCfg = Release|Any CPU
		{8BCFCE51-60DE-434A-A6C9-D83CEF3121D6}.Release|Any CPU.Build.0 = Release|Any CPU
	EndGlobalSection
	GlobalSection(SolutionProperties) = preSolution
		HideSolutionNode = FALSE
	EndGlobalSection
	GlobalSection(ExtensibilityGlobals) = postSolution
		SolutionGuid = {5E83DC6B-D5EC-47B4-8A4A-5C9DC1E76A73}
	EndGlobalSection
EndGlobal
